
Microsoft Visual Studio Solution File, Format Version 12.00
# Visual Studio Version 16
VisualStudioVersion = 16.0.30907.101
MinimumVisualStudioVersion = 10.0.40219.1
Project("{9A19103F-16F7-4668-BE54-9A1E7A4F7556}") = "CadastroSolicitacoes", "CadastroSolicitacoes\CadastroSolicitacoes.csproj", "{070AB5B5-26D6-4474-98E3-D4223F843922}"
EndProject
Project("{9A19103F-16F7-4668-BE54-9A1E7A4F7556}") = "CadastroSolicitacoesTest", "CadastroSolicitacoesTest\CadastroSolicitacoesTest.csproj", "{14302A90-1D04-47A0-B7C6-556ACA62EB14}"
EndProject
Global
	GlobalSection(SolutionConfigurationPlatforms) = preSolution
		Debug|Any CPU = Debug|Any CPU
		Release|Any CPU = Release|Any CPU
	EndGlobalSection
	GlobalSection(ProjectConfigurationPlatforms) = postSolution
		{070AB5B5-26D6-4474-98E3-D4223F843922}.Debug|Any CPU.ActiveCfg = Debug|Any CPU
		{070AB5B5-26D6-4474-98E3-D4223F843922}.Debug|Any CPU.Build.0 = Debug|Any CPU
		{070AB5B5-26D6-4474-98E3-D4223F843922}.Release|Any CPU.ActiveCfg = Release|Any CPU
		{070AB5B5-26D6-4474-98E3-D4223F843922}.Release|Any CPU.Build.0 = Release|Any CPU
		{14302A90-1D04-47A0-B7C6-556ACA62EB14}.Debug|Any CPU.ActiveCfg = Debug|Any CPU
		{14302A90-1D04-47A0-B7C6-556ACA62EB14}.Debug|Any CPU.Build.0 = Debug|Any CPU
		{14302A90-1D04-47A0-B7C6-556ACA62EB14}.Release|Any CPU.ActiveCfg = Release|Any CPU
		{14302A90-1D04-47A0-B7C6-556ACA62EB14}.Release|Any CPU.Build.0 = Release|Any CPU
	EndGlobalSection
	GlobalSection(SolutionProperties) = preSolution
		HideSolutionNode = FALSE
	EndGlobalSection
	GlobalSection(ExtensibilityGlobals) = postSolution
		SolutionGuid = {27A1F987-D000-4F51-BDBE-56BA6E1984AD}
	EndGlobalSection
EndGlobal
